
Microsoft Visual Studio Solution File, Format Version 12.00
# Visual Studio 2013
VisualStudioVersion = 12.0.40629.0
MinimumVisualStudioVersion = 10.0.40219.1
Project("{FAE04EC0-301F-11D3-BF4B-00C04F79EFBC}") = "dropcopy", "dropcopy\dropcopy.csproj", "{B100F37D-6573-48CE-AF6A-3AAA5CB4FB51}"
EndProject
Project("{FAE04EC0-301F-11D3-BF4B-00C04F79EFBC}") = "dropcopy.tests", "dropcopy.tests\dropcopy.tests.csproj", "{E1D02727-C6EB-449C-826B-36D158B24CE0}"
EndProject
Project("{2150E333-8FDC-42A3-9474-1A3956D46DE8}") = ".nuget", ".nuget", "{028498B7-6A38-4BFD-81E2-CD20CEC19811}"
	ProjectSection(SolutionItems) = preProject
		.nuget\packages.config = .nuget\packages.config
	EndProjectSection
EndProject
Global
	GlobalSection(SolutionConfigurationPlatforms) = preSolution
		Debug|Any CPU = Debug|Any CPU
		Release|Any CPU = Release|Any CPU
	EndGlobalSection
	GlobalSection(ProjectConfigurationPlatforms) = postSolution
		{B100F37D-6573-48CE-AF6A-3AAA5CB4FB51}.Debug|Any CPU.ActiveCfg = Debug|Any CPU
		{B100F37D-6573-48CE-AF6A-3AAA5CB4FB51}.Debug|Any CPU.Build.0 = Debug|Any CPU
		{B100F37D-6573-48CE-AF6A-3AAA5CB4FB51}.Release|Any CPU.ActiveCfg = Release|Any CPU
		{B100F37D-6573-48CE-AF6A-3AAA5CB4FB51}.Release|Any CPU.Build.0 = Release|Any CPU
		{E1D02727-C6EB-449C-826B-36D158B24CE0}.Debug|Any CPU.ActiveCfg = Debug|Any CPU
		{E1D02727-C6EB-449C-826B-36D158B24CE0}.Debug|Any CPU.Build.0 = Debug|Any CPU
		{E1D02727-C6EB-449C-826B-36D158B24CE0}.Release|Any CPU.ActiveCfg = Release|Any CPU
		{E1D02727-C6EB-449C-826B-36D158B24CE0}.Release|Any CPU.Build.0 = Release|Any CPU
	EndGlobalSection
	GlobalSection(SolutionProperties) = preSolution
		HideSolutionNode = FALSE
	EndGlobalSection
EndGlobal
